{
  "name": "IOT-Based-Industry-Protection-System",
  "lockfileVersion": 2,
  "requires": true,
  "packages": {
    "": {
      "dependencies": {
        "react-tsparticles": "^2.2.4",
        "tachyons": "^4.12.0",
        "tsparticles": "^2.2.4"
      }
    },
    "node_modules/fast-deep-equal": {
      "version": "3.1.3",
      "resolved": "https://registry.npmjs.org/fast-deep-equal/-/fast-deep-equal-3.1.3.tgz",
      "integrity": "sha512-f3qQ9oQy9j2AhBe/H9VC91wLmKBCCU/gDOnKNAYG5hswO7BLKj09Hc5HYNz9cGI++xlpDCIgDaitVs03ATR84Q=="
    },
    "node_modules/js-tokens": {
      "version": "4.0.0",
      "resolved": "https://registry.npmjs.org/js-tokens/-/js-tokens-4.0.0.tgz",
      "integrity": "sha512-RdJUflcE3cUzKiMqQgsCu06FPu9UdIJO0beYbPhHN4k6apgJtifcoCtT9bcxOpYBtpD2kCM6Sbzg4CausW/PKQ==",
      "peer": true
    },
    "node_modules/loose-envify": {
      "version": "1.4.0",
      "resolved": "https://registry.npmjs.org/loose-envify/-/loose-envify-1.4.0.tgz",
      "integrity": "sha512-lyuxPGr/Wfhrlem2CL/UcnUc1zcqKAImBDzukY7Y5F/yQiNdko6+fRLevlw1HgMySw7f611UIY408EtxRSoK3Q==",
      "peer": true,
      "dependencies": {
        "js-tokens": "^3.0.0 || ^4.0.0"
      },
      "bin": {
        "loose-envify": "cli.js"
      }
    },
    "node_modules/react": {
      "version": "18.2.0",
      "resolved": "https://registry.npmjs.org/react/-/react-18.2.0.tgz",
      "integrity": "sha512-/3IjMdb2L9QbBdWiW5e3P2/npwMBaU9mHCSCUzNln0ZCYbcfTsGbTJrU/kGemdH2IWmB2ioZ+zkxtmq6g09fGQ==",
      "peer": true,
      "dependencies": {
        "loose-envify": "^1.1.0"
      },
      "engines": {
        "node": ">=0.10.0"
      }
    },
    "node_modules/react-tsparticles": {
      "version": "2.2.4",
      "resolved": "https://registry.npmjs.org/react-tsparticles/-/react-tsparticles-2.2.4.tgz",
      "integrity": "sha512-ndhMVUcXNYBT7tufHoOF3B8o7KoG23bPIZdBvb8202z2b/rb3Ufu3gIkDqnuzxwljBu4SaCu962UId9xCaGA7g==",
      "funding": [
        {
          "type": "github",
          "url": "https://github.com/sponsors/matteobruni"
        },
        {
          "type": "buymeacoffee",
          "url": "https://www.buymeacoffee.com/matteobruni"
        }
      ],
      "hasInstallScript": true,
      "dependencies": {
        "fast-deep-equal": "^3.1.3",
        "tsparticles-engine": "^2.2.4"
      },
      "peerDependencies": {
        "react": ">=16"
      }
    },
    "node_modules/tachyons": {
      "version": "4.12.0",
      "resolved": "https://registry.npmjs.org/tachyons/-/tachyons-4.12.0.tgz",
      "integrity": "sha512-2nA2IrYFy3raCM9fxJ2KODRGHVSZNTW3BR0YnlGsLUf1DA3pk3YfWZ/DdfbnZK6zLZS+jUenlUGJsKcA5fUiZg=="
    },
    "node_modules/tsparticles": {
      "version": "2.2.4",
      "resolved": "https://registry.npmjs.org/tsparticles/-/tsparticles-2.2.4.tgz",
      "integrity": "sha512-XMVDcmrrXDx61NUhRPWF0acwrSwLeeDDhK2icvTiYrp/lyKX3csJRAVszzahcsUeKwGmKDJb7CGyt+KThlFtLA==",
      "dependencies": {
        "tsparticles-engine": "^2.2.4",
        "tsparticles-interaction-external-trail": "^2.2.4",
        "tsparticles-plugin-absorbers": "^2.2.4",
        "tsparticles-plugin-emitters": "^2.2.4",
        "tsparticles-plugin-polygon-mask": "^2.2.4",
        "tsparticles-slim": "^2.2.4",
        "tsparticles-updater-roll": "^2.2.4",
        "tsparticles-updater-tilt": "^2.2.4",
        "tsparticles-updater-twinkle": "^2.2.4",
        "tsparticles-updater-wobble": "^2.2.4"
      },
      "funding": {
        "type": "github",
        "url": "https://github.com/sponsors/matteobruni"
      }
    },
    "node_modules/tsparticles-engine": {
      "version": "2.2.4",
      "resolved": "https://registry.npmjs.org/tsparticles-engine/-/tsparticles-engine-2.2.4.tgz",
      "integrity": "sha512-glpUmRJKdbtItcHqJhE05V224DsGSV283oXR9dR6aiqA92BX/2dxU/03YrvcbPTppuMo7rFsBMf4NrPV3tXEfw==",
      "funding": [
        {
          "type": "github",
          "url": "https://github.com/sponsors/matteobruni"
        },
        {
          "type": "buymeacoffee",
          "url": "https://www.buymeacoffee.com/matteobruni"
        }
      ],
      "hasInstallScript": true
    },
    "node_modules/tsparticles-interaction-external-attract": {
      "version": "2.2.4",
      "resolved": "https://registry.npmjs.org/tsparticles-interaction-external-attract/-/tsparticles-interaction-external-attract-2.2.4.tgz",
      "integrity": "sha512-o0eWDFX/wLu1Oih5/fdqhxAPPepjHCEX2iiheHe5EUYpRoGrtLy9feJ7fnRAklVsNKMaSx2+rG7mWYd7s/MPKQ==",
      "dependencies": {
        "tsparticles-engine": "^2.2.4"
      }
    },
    "node_modules/tsparticles-interaction-external-bounce": {
      "version": "2.2.4",
      "resolved": "https://registry.npmjs.org/tsparticles-interaction-external-bounce/-/tsparticles-interaction-external-bounce-2.2.4.tgz",
      "integrity": "sha512-G7cDmYAxWPaP3WXDHKxvKFVy1EMOQWQQtsxp56d5r4wc7xhjvBPzEAfockt3+m7Qg5J0wzTb4CIpDQerfey4Sw==",
      "dependencies": {
        "tsparticles-engine": "^2.2.4"
      }
    },
    "node_modules/tsparticles-interaction-external-bubble": {
      "version": "2.2.4",
      "resolved": "https://registry.npmjs.org/tsparticles-interaction-external-bubble/-/tsparticles-interaction-external-bubble-2.2.4.tgz",
      "integrity": "sha512-apE8iL8GkKbn5IL/sTD0HvQLe1jobJayv4QDZAUJDfBBNY3/RkSU1eUBjz4vtrDHJK3sq8AURI5L8h01qY0Nqg==",
      "dependencies": {
        "tsparticles-engine": "^2.2.4"
      }
    },
    "node_modules/tsparticles-interaction-external-connect": {
      "version": "2.2.4",
      "resolved": "https://registry.npmjs.org/tsparticles-interaction-external-connect/-/tsparticles-interaction-external-connect-2.2.4.tgz",
      "integrity": "sha512-X+aA06pge48cAhjxrQ6gAmJeQnkp18mewA+syW/SLzHmMHRWkVAw94n4/pjRZ32OxtGP+a2ANBPeENxHxZVqZA==",
      "dependencies": {
        "tsparticles-engine": "^2.2.4"
      }
    },
    "node_modules/tsparticles-interaction-external-grab": {
      "version": "2.2.4",
      "resolved": "https://registry.npmjs.org/tsparticles-interaction-external-grab/-/tsparticles-interaction-external-grab-2.2.4.tgz",
      "integrity": "sha512-bYSoKqFPKBVtSKWCmQlgxVKRkMpVmvMTNn3cWRi+4+fp9hurpnudYTznEIV5k9swFLfL+8o1DyJZIaSHl89zsQ==",
      "dependencies": {
        "tsparticles-engine": "^2.2.4"
      }
    },
    "node_modules/tsparticles-interaction-external-pause": {
      "version": "2.2.4",
      "resolved": "https://registry.npmjs.org/tsparticles-interaction-external-pause/-/tsparticles-interaction-external-pause-2.2.4.tgz",
      "integrity": "sha512-YfK0zmTieY3pODSahaDyPQSula28sAztecLKWzWz6zV16OWS8DulFhj0xLd3TTn4p8c2nZcFspapvwK6Tyq3dQ==",
      "dependencies": {
        "tsparticles-engine": "^2.2.4"
      }
    },
    "node_modules/tsparticles-interaction-external-push": {
      "version": "2.2.4",
      "resolved": "https://registry.npmjs.org/tsparticles-interaction-external-push/-/tsparticles-interaction-external-push-2.2.4.tgz",
      "integrity": "sha512-wyqRNGpgWPSbntz2G3lwccrau7/LwsBF31BI7Kv49rcb/qGmVoEvZyakY6tRtIncCJHXXWXvvbeWeDdF/Ku39w==",
      "dependencies": {
        "tsparticles-engine": "^2.2.4"
      }
    },
    "node_modules/tsparticles-interaction-external-remove": {
      "version": "2.2.4",
      "resolved": "https://registry.npmjs.org/tsparticles-interaction-external-remove/-/tsparticles-interaction-external-remove-2.2.4.tgz",
      "integrity": "sha512-RJi+npaklbV51IiTPAs2y7Exzw1NR6lKqkIDs3DP3evbusifTp9Q55+9aNmSLtXmzba8RIa/MbkMFob6YAvW0w==",
      "dependencies": {
        "tsparticles-engine": "^2.2.4"
      }
    },
    "node_modules/tsparticles-interaction-external-repulse": {
      "version": "2.2.4",
      "resolved": "https://registry.npmjs.org/tsparticles-interaction-external-repulse/-/tsparticles-interaction-external-repulse-2.2.4.tgz",
      "integrity": "sha512-R9yLwXdHMP1Zb3C9KgDfHT1pRyrKk12CfcwZXh3Zv90fPiR2k5RjoPZ+4twVF3wYShFnUvQzSoZRuyBWIp/9pw==",
      "dependencies": {
        "tsparticles-engine": "^2.2.4"
      }
    },
    "node_modules/tsparticles-interaction-external-trail": {
      "version": "2.2.4",
      "resolved": "https://registry.npmjs.org/tsparticles-interaction-external-trail/-/tsparticles-interaction-external-trail-2.2.4.tgz",
      "integrity": "sha512-vmA9qA7BRUGl+KAgoUph/6IOO+ykd9G86yuUamMkHLoz68NzIzz1ExndOOmh4z0zp0YQMpDtOTisyPJ9carvjQ==",
      "dependencies": {
        "tsparticles-engine": "^2.2.4"
      }
    },
    "node_modules/tsparticles-interaction-particles-attract": {
      "version": "2.2.4",
      "resolved": "https://registry.npmjs.org/tsparticles-interaction-particles-attract/-/tsparticles-interaction-particles-attract-2.2.4.tgz",
      "integrity": "sha512-9m0Yy5IdJL96Y9M/MjPV4bfT5oC1rtbJOhRPTgBwMF+386hreIQhefJmyoDjhkpiUTdvckHJfq/6eFo+48dVWQ==",
      "dependencies": {
        "tsparticles-engine": "^2.2.4"
      }
    },
    "node_modules/tsparticles-interaction-particles-collisions": {
      "version": "2.2.4",
      "resolved": "https://registry.npmjs.org/tsparticles-interaction-particles-collisions/-/tsparticles-interaction-particles-collisions-2.2.4.tgz",
      "integrity": "sha512-6JudVbhB+PIJ/pZxV6yX3Wsy3o0zIg3R72nX18lZ2GtCLETjlri6dD6baMmnVJ65sst3LDuCp+1hRyOj9YJhfw==",
      "dependencies": {
        "tsparticles-engine": "^2.2.4"
      }
    },
    "node_modules/tsparticles-interaction-particles-links": {
      "version": "2.2.4",
      "resolved": "https://registry.npmjs.org/tsparticles-interaction-particles-links/-/tsparticles-interaction-particles-links-2.2.4.tgz",
      "integrity": "sha512-3HtU6ONKBd89KAMMEhRhesrNP6O1CoWscAt/685R65j7jHEJ4ic07c3dZMT4+7ToqlJxgEqYnu39URPBvUywlw==",
      "dependencies": {
        "tsparticles-engine": "^2.2.4"
      }
    },
    "node_modules/tsparticles-move-base": {
      "version": "2.2.4",
      "resolved": "https://registry.npmjs.org/tsparticles-move-base/-/tsparticles-move-base-2.2.4.tgz",
      "integrity": "sha512-eTtwBc/4QztBly08jrsWpiVitIQi9mWCbNQqKVB7YsFjy8uujOX9TWWLT7rxsRQcmVpt6j3M/N2wgZqAOFooZw==",
      "dependencies": {
        "tsparticles-engine": "^2.2.4"
      }
    },
    "node_modules/tsparticles-move-parallax": {
      "version": "2.2.4",
      "resolved": "https://registry.npmjs.org/tsparticles-move-parallax/-/tsparticles-move-parallax-2.2.4.tgz",
      "integrity": "sha512-5PjRqtTN0npCwuL+iQxrn3H4e1nk+whPOR/SFMu6NMXN066RMXv4gzWiAAgrX4LKRd0BrOaewJX7c5k+N865gQ==",
      "dependencies": {
        "tsparticles-engine": "^2.2.4"
      }
    },
    "node_modules/tsparticles-particles.js": {
      "version": "2.2.4",
      "resolved": "https://registry.npmjs.org/tsparticles-particles.js/-/tsparticles-particles.js-2.2.4.tgz",
      "integrity": "sha512-AV+vFXWoJNlFCu2UGddQTGUR2WacZCWxRNaLTPzPrrAT14IF17v+tCENOCxczwq6ObV07s4MOjcX34RG3D3kXA==",
      "dependencies": {
        "tsparticles-engine": "^2.2.4"
      },
      "funding": {
        "type": "github",
        "url": "https://github.com/sponsors/matteobruni"
      }
    },
    "node_modules/tsparticles-plugin-absorbers": {
      "version": "2.2.4",
      "resolved": "https://registry.npmjs.org/tsparticles-plugin-absorbers/-/tsparticles-plugin-absorbers-2.2.4.tgz",
      "integrity": "sha512-JueNw4F+5x2VJ5N0HemkjbXhjKRFzZdq5WQAOk82gdUrbOmd5hL+ihjcpXlP9L4wro4vlUxJZVoR6WdHiVhjwg==",
      "dependencies": {
        "tsparticles-engine": "^2.2.4"
      }
    },
    "node_modules/tsparticles-plugin-emitters": {
      "version": "2.2.4",
      "resolved": "https://registry.npmjs.org/tsparticles-plugin-emitters/-/tsparticles-plugin-emitters-2.2.4.tgz",
      "integrity": "sha512-jhoexCFYvJxXIC0S7F7h/BAdK/R71jymg8XLe+uXdmgNTihJV80AERJKd2NhmiFSmOCu8G2H7a4aLKgByVBSDQ==",
      "dependencies": {
        "tsparticles-engine": "^2.2.4"
      }
    },
    "node_modules/tsparticles-plugin-polygon-mask": {
      "version": "2.2.4",
      "resolved": "https://registry.npmjs.org/tsparticles-plugin-polygon-mask/-/tsparticles-plugin-polygon-mask-2.2.4.tgz",
      "integrity": "sha512-v2rh2ONaFPA+Ryp3zyI+eP/sa3jQoA5V5gUn9cLvP8sg3F22lIVPiQP9kAhTK9TvNIZdynC2/hIYvM9vN5/dVg==",
      "dependencies": {
        "tsparticles-engine": "^2.2.4"
      }
    },
    "node_modules/tsparticles-shape-circle": {
      "version": "2.2.4",
      "resolved": "https://registry.npmjs.org/tsparticles-shape-circle/-/tsparticles-shape-circle-2.2.4.tgz",
      "integrity": "sha512-l1hheEG9ZUeqYztyJc3oy/754J5M3+VFloXA2BaTquxBqZ8X2x1mfivZT3H9ODNKTTta9Wj1ZVgexQyQVZISnw==",
      "dependencies": {
        "tsparticles-engine": "^2.2.4"
      }
    },
    "node_modules/tsparticles-shape-image": {
      "version": "2.2.4",
      "resolved": "https://registry.npmjs.org/tsparticles-shape-image/-/tsparticles-shape-image-2.2.4.tgz",
      "integrity": "sha512-p/P0HFBtVScvzrSP6uyCcrIyeHU2HDkiPIgfG1Wjyq7xuUFEif/Wga8OHaF8zwvrtMma60UTajmJLS/r9opKHA==",
      "dependencies": {
        "tsparticles-engine": "^2.2.4"
      }
    },
    "node_modules/tsparticles-shape-line": {
      "version": "2.2.4",
      "resolved": "https://registry.npmjs.org/tsparticles-shape-line/-/tsparticles-shape-line-2.2.4.tgz",
      "integrity": "sha512-ln+uH9OiHy0YSBNRwvHSnL7mQNNBdf3v69o8inHFLmlB258T9XoddWCLypaeRX6n3PLPZmSTlRNejVB5ib8sFA==",
      "dependencies": {
        "tsparticles-engine": "^2.2.4"
      }
    },
    "node_modules/tsparticles-shape-polygon": {
      "version": "2.2.4",
      "resolved": "https://registry.npmjs.org/tsparticles-shape-polygon/-/tsparticles-shape-polygon-2.2.4.tgz",
      "integrity": "sha512-+jKeYKyL1WP86wYzgTUqcEKAXJNfFvfixxDeOLA+3XBD7ZOFZOr3/F9CjwL3riQv2abvD/c9B01oDWh2qn/d2w==",
      "dependencies": {
        "tsparticles-engine": "^2.2.4"
      }
    },
    "node_modules/tsparticles-shape-square": {
      "version": "2.2.4",
      "resolved": "https://registry.npmjs.org/tsparticles-shape-square/-/tsparticles-shape-square-2.2.4.tgz",
      "integrity": "sha512-0ryM88UcWxzRxFbskgEiHs8U3nGR78qADH+DmHHNhZBOCm5FnzOlvbrAX45mK2zkexqwmqx9S3T29ff8UgsAuw==",
      "dependencies": {
        "tsparticles-engine": "^2.2.4"
      }
    },
    "node_modules/tsparticles-shape-star": {
      "version": "2.2.4",
      "resolved": "https://registry.npmjs.org/tsparticles-shape-star/-/tsparticles-shape-star-2.2.4.tgz",
      "integrity": "sha512-r9qVueaJ7htqElH5PQTGHLCVvFfR4BMlVy7ygmxkp+X2Yx9ICqwiBbAcwiFykcC1MPruU17YB7NpFYPwxrsL7A==",
      "dependencies": {
        "tsparticles-engine": "^2.2.4"
      }
    },
    "node_modules/tsparticles-shape-text": {
      "version": "2.2.4",
      "resolved": "https://registry.npmjs.org/tsparticles-shape-text/-/tsparticles-shape-text-2.2.4.tgz",
      "integrity": "sha512-jvndhUDvuyMqf6GEm9ijpD9Ymbow15JxbX+xJ2Vap2ztpWKbfAsVr7B4wDZaGIDAIo0aOJsvaCAL5nrL2r3NBA==",
      "dependencies": {
        "tsparticles-engine": "^2.2.4"
      }
    },
    "node_modules/tsparticles-slim": {
      "version": "2.2.4",
      "resolved": "https://registry.npmjs.org/tsparticles-slim/-/tsparticles-slim-2.2.4.tgz",
      "integrity": "sha512-ubtDlAMRJowbPriDddcBLqtmGKq3ag34Rfxe3pmbuCiI070rd5y/kKusXyGodyoJFDj52icAeZgDkcLR2/Uydw==",
      "dependencies": {
        "tsparticles-engine": "^2.2.4",
        "tsparticles-interaction-external-attract": "^2.2.4",
        "tsparticles-interaction-external-bounce": "^2.2.4",
        "tsparticles-interaction-external-bubble": "^2.2.4",
        "tsparticles-interaction-external-connect": "^2.2.4",
        "tsparticles-interaction-external-grab": "^2.2.4",
        "tsparticles-interaction-external-pause": "^2.2.4",
        "tsparticles-interaction-external-push": "^2.2.4",
        "tsparticles-interaction-external-remove": "^2.2.4",
        "tsparticles-interaction-external-repulse": "^2.2.4",
        "tsparticles-interaction-particles-attract": "^2.2.4",
        "tsparticles-interaction-particles-collisions": "^2.2.4",
        "tsparticles-interaction-particles-links": "^2.2.4",
        "tsparticles-move-base": "^2.2.4",
        "tsparticles-move-parallax": "^2.2.4",
        "tsparticles-particles.js": "^2.2.4",
        "tsparticles-shape-circle": "^2.2.4",
        "tsparticles-shape-image": "^2.2.4",
        "tsparticles-shape-line": "^2.2.4",
        "tsparticles-shape-polygon": "^2.2.4",
        "tsparticles-shape-square": "^2.2.4",
        "tsparticles-shape-star": "^2.2.4",
        "tsparticles-shape-text": "^2.2.4",
        "tsparticles-updater-angle": "^2.2.4",
        "tsparticles-updater-color": "^2.2.4",
        "tsparticles-updater-life": "^2.2.4",
        "tsparticles-updater-opacity": "^2.2.4",
        "tsparticles-updater-out-modes": "^2.2.4",
        "tsparticles-updater-size": "^2.2.4",
        "tsparticles-updater-stroke-color": "^2.2.4"
      },
      "funding": {
        "type": "github",
        "url": "https://github.com/sponsors/matteobruni"
      }
    },
    "node_modules/tsparticles-updater-angle": {
      "version": "2.2.4",
      "resolved": "https://registry.npmjs.org/tsparticles-updater-angle/-/tsparticles-updater-angle-2.2.4.tgz",
      "integrity": "sha512-1qEObvQUP8A864HHDvlfsfOOIGwQpa/vCpnge+ohdQ1Iu5a2/bClDsgXtYCsZFw85YQl8FdLVIzGQir9zfiv7g==",
      "dependencies": {
        "tsparticles-engine": "^2.2.4"
      }
    },
    "node_modules/tsparticles-updater-color": {
      "version": "2.2.4",
      "resolved": "https://registry.npmjs.org/tsparticles-updater-color/-/tsparticles-updater-color-2.2.4.tgz",
      "integrity": "sha512-8iwiJA0pg96M/AaZDyWzhsm+sey6u1JA/UigV4krp0ihZ/5noZGzTrg6Fm+ki/yLKDv2ovOMfxTHfUa0qutlLQ==",
      "dependencies": {
        "tsparticles-engine": "^2.2.4"
      }
    },
    "node_modules/tsparticles-updater-life": {
      "version": "2.2.4",
      "resolved": "https://registry.npmjs.org/tsparticles-updater-life/-/tsparticles-updater-life-2.2.4.tgz",
      "integrity": "sha512-5wlVkoBwzRkNOe38WZftnjYm5dm99XW2Sq0MfsPrLyKMxxD0TeZDTdZW1TNrJpk7fwSNA8vGcbbWai0GF58frg==",
      "dependencies": {
        "tsparticles-engine": "^2.2.4"
      }
    },
    "node_modules/tsparticles-updater-opacity": {
      "version": "2.2.4",
      "resolved": "https://registry.npmjs.org/tsparticles-updater-opacity/-/tsparticles-updater-opacity-2.2.4.tgz",
      "integrity": "sha512-klpMCY+y85oXjUatVd7LEROEC2brVTgRULJoN8yphWchmWs/LPLfBPwSz6rA6NGerYZAcbEsHT1uMn76zvxIQQ==",
      "dependencies": {
        "tsparticles-engine": "^2.2.4"
      }
    },
    "node_modules/tsparticles-updater-out-modes": {
      "version": "2.2.4",
      "resolved": "https://registry.npmjs.org/tsparticles-updater-out-modes/-/tsparticles-updater-out-modes-2.2.4.tgz",
      "integrity": "sha512-bZheTxw01eSpsc+ipj+e14dgR9znsQjR9FtP7MIT7yFevqu8bqdHteO7dArRlPAZvf7gqpD706/uEdGLXSGN8Q==",
      "dependencies": {
        "tsparticles-engine": "^2.2.4"
      }
    },
    "node_modules/tsparticles-updater-roll": {
      "version": "2.2.4",
      "resolved": "https://registry.npmjs.org/tsparticles-updater-roll/-/tsparticles-updater-roll-2.2.4.tgz",
      "integrity": "sha512-klbOxUSCBdIzfwAt8jsLN1XP52e2UuMj5BQ7bMZ/fGzpHjVv85ebYPd2g7hiKOwCZ5lUrCaKNxDS1b9+TPOLzg==",
      "dependencies": {
        "tsparticles-engine": "^2.2.4"
      }
    },
    "node_modules/tsparticles-updater-size": {
      "version": "2.2.4",
      "resolved": "https://registry.npmjs.org/tsparticles-updater-size/-/tsparticles-updater-size-2.2.4.tgz",
      "integrity": "sha512-J0rq+Sh3+uvgkx4a5QRouPHbhOZLH4sElnPgg8fzd43/Tc8cg0Xp9BV1wDxDWY4TB5mgwwe21JJqmYzV/6hvYw==",
      "dependencies": {
        "tsparticles-engine": "^2.2.4"
      }
    },
    "node_modules/tsparticles-updater-stroke-color": {
      "version": "2.2.4",
      "resolved": "https://registry.npmjs.org/tsparticles-updater-stroke-color/-/tsparticles-updater-stroke-color-2.2.4.tgz",
      "integrity": "sha512-gsVoWDnmgoc0qsH2heDz6KzXe/KNJtU0mnN7S8St5o7xgGfGkd/wyTqgS4y4VYoi5pX99HwCQvd8aQ88b3VJHg==",
      "dependencies": {
        "tsparticles-engine": "^2.2.4"
      }
    },
    "node_modules/tsparticles-updater-tilt": {
      "version": "2.2.4",
      "resolved": "https://registry.npmjs.org/tsparticles-updater-tilt/-/tsparticles-updater-tilt-2.2.4.tgz",
      "integrity": "sha512-cSfm9VyhK+SFxepGkODBB5QQi0ZCusGbU6LNNQLEEd5Ra6q42xA+gptLhzjJUhSwfjwEFILOuqQX6yYoGhC6Tw==",
      "dependencies": {
        "tsparticles-engine": "^2.2.4"
      }
    },
    "node_modules/tsparticles-updater-twinkle": {
      "version": "2.2.4",
      "resolved": "https://registry.npmjs.org/tsparticles-updater-twinkle/-/tsparticles-updater-twinkle-2.2.4.tgz",
      "integrity": "sha512-5OgGlaNaXmGJJyCr1b2zlmylVEaorsDJr+16rUytkIId/qwvuoL3zakyPFIjnhjpyQ8u2VTITkcwPX1EfafJhw==",
      "dependencies": {
        "tsparticles-engine": "^2.2.4"
      }
    },
    "node_modules/tsparticles-updater-wobble": {
      "version": "2.2.4",
      "resolved": "https://registry.npmjs.org/tsparticles-updater-wobble/-/tsparticles-updater-wobble-2.2.4.tgz",
      "integrity": "sha512-7zmFNT4Qdix3GKQ7Mtj70X6/SmFwBykKUG0FGcQxWOh5h5ALtYlzEZIKeoG9LrO1nll5f0H74tUFemUiy5YvIQ==",
      "dependencies": {
        "tsparticles-engine": "^2.2.4"
      }
    }
  },
  "dependencies": {
    "fast-deep-equal": {
      "version": "3.1.3",
      "resolved": "https://registry.npmjs.org/fast-deep-equal/-/fast-deep-equal-3.1.3.tgz",
      "integrity": "sha512-f3qQ9oQy9j2AhBe/H9VC91wLmKBCCU/gDOnKNAYG5hswO7BLKj09Hc5HYNz9cGI++xlpDCIgDaitVs03ATR84Q=="
    },
    "js-tokens": {
      "version": "4.0.0",
      "resolved": "https://registry.npmjs.org/js-tokens/-/js-tokens-4.0.0.tgz",
      "integrity": "sha512-RdJUflcE3cUzKiMqQgsCu06FPu9UdIJO0beYbPhHN4k6apgJtifcoCtT9bcxOpYBtpD2kCM6Sbzg4CausW/PKQ==",
      "peer": true
    },
    "loose-envify": {
      "version": "1.4.0",
      "resolved": "https://registry.npmjs.org/loose-envify/-/loose-envify-1.4.0.tgz",
      "integrity": "sha512-lyuxPGr/Wfhrlem2CL/UcnUc1zcqKAImBDzukY7Y5F/yQiNdko6+fRLevlw1HgMySw7f611UIY408EtxRSoK3Q==",
      "peer": true,
      "requires": {
        "js-tokens": "^3.0.0 || ^4.0.0"
      }
    },
    "react": {
      "version": "18.2.0",
      "resolved": "https://registry.npmjs.org/react/-/react-18.2.0.tgz",
      "integrity": "sha512-/3IjMdb2L9QbBdWiW5e3P2/npwMBaU9mHCSCUzNln0ZCYbcfTsGbTJrU/kGemdH2IWmB2ioZ+zkxtmq6g09fGQ==",
      "peer": true,
      "requires": {
        "loose-envify": "^1.1.0"
      }
    },
    "react-tsparticles": {
      "version": "2.2.4",
      "resolved": "https://registry.npmjs.org/react-tsparticles/-/react-tsparticles-2.2.4.tgz",
      "integrity": "sha512-ndhMVUcXNYBT7tufHoOF3B8o7KoG23bPIZdBvb8202z2b/rb3Ufu3gIkDqnuzxwljBu4SaCu962UId9xCaGA7g==",
      "requires": {
        "fast-deep-equal": "^3.1.3",
        "tsparticles-engine": "^2.2.4"
      }
    },
    "tachyons": {
      "version": "4.12.0",
      "resolved": "https://registry.npmjs.org/tachyons/-/tachyons-4.12.0.tgz",
      "integrity": "sha512-2nA2IrYFy3raCM9fxJ2KODRGHVSZNTW3BR0YnlGsLUf1DA3pk3YfWZ/DdfbnZK6zLZS+jUenlUGJsKcA5fUiZg=="
    },
    "tsparticles": {
      "version": "2.2.4",
      "resolved": "https://registry.npmjs.org/tsparticles/-/tsparticles-2.2.4.tgz",
      "integrity": "sha512-XMVDcmrrXDx61NUhRPWF0acwrSwLeeDDhK2icvTiYrp/lyKX3csJRAVszzahcsUeKwGmKDJb7CGyt+KThlFtLA==",
      "requires": {
        "tsparticles-engine": "^2.2.4",
        "tsparticles-interaction-external-trail": "^2.2.4",
        "tsparticles-plugin-absorbers": "^2.2.4",
        "tsparticles-plugin-emitters": "^2.2.4",
        "tsparticles-plugin-polygon-mask": "^2.2.4",
        "tsparticles-slim": "^2.2.4",
        "tsparticles-updater-roll": "^2.2.4",
        "tsparticles-updater-tilt": "^2.2.4",
        "tsparticles-updater-twinkle": "^2.2.4",
        "tsparticles-updater-wobble": "^2.2.4"
      }
    },
    "tsparticles-engine": {
      "version": "2.2.4",
      "resolved": "https://registry.npmjs.org/tsparticles-engine/-/tsparticles-engine-2.2.4.tgz",
      "integrity": "sha512-glpUmRJKdbtItcHqJhE05V224DsGSV283oXR9dR6aiqA92BX/2dxU/03YrvcbPTppuMo7rFsBMf4NrPV3tXEfw=="
    },
    "tsparticles-interaction-external-attract": {
      "version": "2.2.4",
      "resolved": "https://registry.npmjs.org/tsparticles-interaction-external-attract/-/tsparticles-interaction-external-attract-2.2.4.tgz",
      "integrity": "sha512-o0eWDFX/wLu1Oih5/fdqhxAPPepjHCEX2iiheHe5EUYpRoGrtLy9feJ7fnRAklVsNKMaSx2+rG7mWYd7s/MPKQ==",
      "requires": {
        "tsparticles-engine": "^2.2.4"
      }
    },
    "tsparticles-interaction-external-bounce": {
      "version": "2.2.4",
      "resolved": "https://registry.npmjs.org/tsparticles-interaction-external-bounce/-/tsparticles-interaction-external-bounce-2.2.4.tgz",
      "integrity": "sha512-G7cDmYAxWPaP3WXDHKxvKFVy1EMOQWQQtsxp56d5r4wc7xhjvBPzEAfockt3+m7Qg5J0wzTb4CIpDQerfey4Sw==",
      "requires": {
        "tsparticles-engine": "^2.2.4"
      }
    },
    "tsparticles-interaction-external-bubble": {
      "version": "2.2.4",
      "resolved": "https://registry.npmjs.org/tsparticles-interaction-external-bubble/-/tsparticles-interaction-external-bubble-2.2.4.tgz",
      "integrity": "sha512-apE8iL8GkKbn5IL/sTD0HvQLe1jobJayv4QDZAUJDfBBNY3/RkSU1eUBjz4vtrDHJK3sq8AURI5L8h01qY0Nqg==",
      "requires": {
        "tsparticles-engine": "^2.2.4"
      }
    },
    "tsparticles-interaction-external-connect": {
      "version": "2.2.4",
      "resolved": "https://registry.npmjs.org/tsparticles-interaction-external-connect/-/tsparticles-interaction-external-connect-2.2.4.tgz",
      "integrity": "sha512-X+aA06pge48cAhjxrQ6gAmJeQnkp18mewA+syW/SLzHmMHRWkVAw94n4/pjRZ32OxtGP+a2ANBPeENxHxZVqZA==",
      "requires": {
        "tsparticles-engine": "^2.2.4"
      }
    },
    "tsparticles-interaction-external-grab": {
      "version": "2.2.4",
      "resolved": "https://registry.npmjs.org/tsparticles-interaction-external-grab/-/tsparticles-interaction-external-grab-2.2.4.tgz",
      "integrity": "sha512-bYSoKqFPKBVtSKWCmQlgxVKRkMpVmvMTNn3cWRi+4+fp9hurpnudYTznEIV5k9swFLfL+8o1DyJZIaSHl89zsQ==",
      "requires": {
        "tsparticles-engine": "^2.2.4"
      }
    },
    "tsparticles-interaction-external-pause": {
      "version": "2.2.4",
      "resolved": "https://registry.npmjs.org/tsparticles-interaction-external-pause/-/tsparticles-interaction-external-pause-2.2.4.tgz",
      "integrity": "sha512-YfK0zmTieY3pODSahaDyPQSula28sAztecLKWzWz6zV16OWS8DulFhj0xLd3TTn4p8c2nZcFspapvwK6Tyq3dQ==",
      "requires": {
        "tsparticles-engine": "^2.2.4"
      }
    },
    "tsparticles-interaction-external-push": {
      "version": "2.2.4",
      "resolved": "https://registry.npmjs.org/tsparticles-interaction-external-push/-/tsparticles-interaction-external-push-2.2.4.tgz",
      "integrity": "sha512-wyqRNGpgWPSbntz2G3lwccrau7/LwsBF31BI7Kv49rcb/qGmVoEvZyakY6tRtIncCJHXXWXvvbeWeDdF/Ku39w==",
      "requires": {
        "tsparticles-engine": "^2.2.4"
      }
    },
    "tsparticles-interaction-external-remove": {
      "version": "2.2.4",
      "resolved": "https://registry.npmjs.org/tsparticles-interaction-external-remove/-/tsparticles-interaction-external-remove-2.2.4.tgz",
      "integrity": "sha512-RJi+npaklbV51IiTPAs2y7Exzw1NR6lKqkIDs3DP3evbusifTp9Q55+9aNmSLtXmzba8RIa/MbkMFob6YAvW0w==",
      "requires": {
        "tsparticles-engine": "^2.2.4"
      }
    },
    "tsparticles-interaction-external-repulse": {
      "version": "2.2.4",
      "resolved": "https://registry.npmjs.org/tsparticles-interaction-external-repulse/-/tsparticles-interaction-external-repulse-2.2.4.tgz",
      "integrity": "sha512-R9yLwXdHMP1Zb3C9KgDfHT1pRyrKk12CfcwZXh3Zv90fPiR2k5RjoPZ+4twVF3wYShFnUvQzSoZRuyBWIp/9pw==",
      "requires": {
        "tsparticles-engine": "^2.2.4"
      }
    },
    "tsparticles-interaction-external-trail": {
      "version": "2.2.4",
      "resolved": "https://registry.npmjs.org/tsparticles-interaction-external-trail/-/tsparticles-interaction-external-trail-2.2.4.tgz",
      "integrity": "sha512-vmA9qA7BRUGl+KAgoUph/6IOO+ykd9G86yuUamMkHLoz68NzIzz1ExndOOmh4z0zp0YQMpDtOTisyPJ9carvjQ==",
      "requires": {
        "tsparticles-engine": "^2.2.4"
      }
    },
    "tsparticles-interaction-particles-attract": {
      "version": "2.2.4",
      "resolved": "https://registry.npmjs.org/tsparticles-interaction-particles-attract/-/tsparticles-interaction-particles-attract-2.2.4.tgz",
      "integrity": "sha512-9m0Yy5IdJL96Y9M/MjPV4bfT5oC1rtbJOhRPTgBwMF+386hreIQhefJmyoDjhkpiUTdvckHJfq/6eFo+48dVWQ==",
      "requires": {
        "tsparticles-engine": "^2.2.4"
      }
    },
    "tsparticles-interaction-particles-collisions": {
      "version": "2.2.4",
      "resolved": "https://registry.npmjs.org/tsparticles-interaction-particles-collisions/-/tsparticles-interaction-particles-collisions-2.2.4.tgz",
      "integrity": "sha512-6JudVbhB+PIJ/pZxV6yX3Wsy3o0zIg3R72nX18lZ2GtCLETjlri6dD6baMmnVJ65sst3LDuCp+1hRyOj9YJhfw==",
      "requires": {
        "tsparticles-engine": "^2.2.4"
      }
    },
    "tsparticles-interaction-particles-links": {
      "version": "2.2.4",
      "resolved": "https://registry.npmjs.org/tsparticles-interaction-particles-links/-/tsparticles-interaction-particles-links-2.2.4.tgz",
      "integrity": "sha512-3HtU6ONKBd89KAMMEhRhesrNP6O1CoWscAt/685R65j7jHEJ4ic07c3dZMT4+7ToqlJxgEqYnu39URPBvUywlw==",
      "requires": {
        "tsparticles-engine": "^2.2.4"
      }
    },
    "tsparticles-move-base": {
      "version": "2.2.4",
      "resolved": "https://registry.npmjs.org/tsparticles-move-base/-/tsparticles-move-base-2.2.4.tgz",
      "integrity": "sha512-eTtwBc/4QztBly08jrsWpiVitIQi9mWCbNQqKVB7YsFjy8uujOX9TWWLT7rxsRQcmVpt6j3M/N2wgZqAOFooZw==",
      "requires": {
        "tsparticles-engine": "^2.2.4"
      }
    },
    "tsparticles-move-parallax": {
      "version": "2.2.4",
      "resolved": "https://registry.npmjs.org/tsparticles-move-parallax/-/tsparticles-move-parallax-2.2.4.tgz",
      "integrity": "sha512-5PjRqtTN0npCwuL+iQxrn3H4e1nk+whPOR/SFMu6NMXN066RMXv4gzWiAAgrX4LKRd0BrOaewJX7c5k+N865gQ==",
      "requires": {
        "tsparticles-engine": "^2.2.4"
      }
    },
    "tsparticles-particles.js": {
      "version": "2.2.4",
      "resolved": "https://registry.npmjs.org/tsparticles-particles.js/-/tsparticles-particles.js-2.2.4.tgz",
      "integrity": "sha512-AV+vFXWoJNlFCu2UGddQTGUR2WacZCWxRNaLTPzPrrAT14IF17v+tCENOCxczwq6ObV07s4MOjcX34RG3D3kXA==",
      "requires": {
        "tsparticles-engine": "^2.2.4"
      }
    },
    "tsparticles-plugin-absorbers": {
      "version": "2.2.4",
      "resolved": "https://registry.npmjs.org/tsparticles-plugin-absorbers/-/tsparticles-plugin-absorbers-2.2.4.tgz",
      "integrity": "sha512-JueNw4F+5x2VJ5N0HemkjbXhjKRFzZdq5WQAOk82gdUrbOmd5hL+ihjcpXlP9L4wro4vlUxJZVoR6WdHiVhjwg==",
      "requires": {
        "tsparticles-engine": "^2.2.4"
      }
    },
    "tsparticles-plugin-emitters": {
      "version": "2.2.4",
      "resolved": "https://registry.npmjs.org/tsparticles-plugin-emitters/-/tsparticles-plugin-emitters-2.2.4.tgz",
      "integrity": "sha512-jhoexCFYvJxXIC0S7F7h/BAdK/R71jymg8XLe+uXdmgNTihJV80AERJKd2NhmiFSmOCu8G2H7a4aLKgByVBSDQ==",
      "requires": {
        "tsparticles-engine": "^2.2.4"
      }
    },
    "tsparticles-plugin-polygon-mask": {
      "version": "2.2.4",
      "resolved": "https://registry.npmjs.org/tsparticles-plugin-polygon-mask/-/tsparticles-plugin-polygon-mask-2.2.4.tgz",
      "integrity": "sha512-v2rh2ONaFPA+Ryp3zyI+eP/sa3jQoA5V5gUn9cLvP8sg3F22lIVPiQP9kAhTK9TvNIZdynC2/hIYvM9vN5/dVg==",
      "requires": {
        "tsparticles-engine": "^2.2.4"
      }
    },
    "tsparticles-shape-circle": {
      "version": "2.2.4",
      "resolved": "https://registry.npmjs.org/tsparticles-shape-circle/-/tsparticles-shape-circle-2.2.4.tgz",
      "integrity": "sha512-l1hheEG9ZUeqYztyJc3oy/754J5M3+VFloXA2BaTquxBqZ8X2x1mfivZT3H9ODNKTTta9Wj1ZVgexQyQVZISnw==",
      "requires": {
        "tsparticles-engine": "^2.2.4"
      }
    },
    "tsparticles-shape-image": {
      "version": "2.2.4",
      "resolved": "https://registry.npmjs.org/tsparticles-shape-image/-/tsparticles-shape-image-2.2.4.tgz",
      "integrity": "sha512-p/P0HFBtVScvzrSP6uyCcrIyeHU2HDkiPIgfG1Wjyq7xuUFEif/Wga8OHaF8zwvrtMma60UTajmJLS/r9opKHA==",
      "requires": {
        "tsparticles-engine": "^2.2.4"
      }
    },
    "tsparticles-shape-line": {
      "version": "2.2.4",
      "resolved": "https://registry.npmjs.org/tsparticles-shape-line/-/tsparticles-shape-line-2.2.4.tgz",
      "integrity": "sha512-ln+uH9OiHy0YSBNRwvHSnL7mQNNBdf3v69o8inHFLmlB258T9XoddWCLypaeRX6n3PLPZmSTlRNejVB5ib8sFA==",
      "requires": {
        "tsparticles-engine": "^2.2.4"
      }
    },
    "tsparticles-shape-polygon": {
      "version": "2.2.4",
      "resolved": "https://registry.npmjs.org/tsparticles-shape-polygon/-/tsparticles-shape-polygon-2.2.4.tgz",
      "integrity": "sha512-+jKeYKyL1WP86wYzgTUqcEKAXJNfFvfixxDeOLA+3XBD7ZOFZOr3/F9CjwL3riQv2abvD/c9B01oDWh2qn/d2w==",
      "requires": {
        "tsparticles-engine": "^2.2.4"
      }
    },
    "tsparticles-shape-square": {
      "version": "2.2.4",
      "resolved": "https://registry.npmjs.org/tsparticles-shape-square/-/tsparticles-shape-square-2.2.4.tgz",
      "integrity": "sha512-0ryM88UcWxzRxFbskgEiHs8U3nGR78qADH+DmHHNhZBOCm5FnzOlvbrAX45mK2zkexqwmqx9S3T29ff8UgsAuw==",
      "requires": {
        "tsparticles-engine": "^2.2.4"
      }
    },
    "tsparticles-shape-star": {
      "version": "2.2.4",
      "resolved": "https://registry.npmjs.org/tsparticles-shape-star/-/tsparticles-shape-star-2.2.4.tgz",
      "integrity": "sha512-r9qVueaJ7htqElH5PQTGHLCVvFfR4BMlVy7ygmxkp+X2Yx9ICqwiBbAcwiFykcC1MPruU17YB7NpFYPwxrsL7A==",
      "requires": {
        "tsparticles-engine": "^2.2.4"
      }
    },
    "tsparticles-shape-text": {
      "version": "2.2.4",
      "resolved": "https://registry.npmjs.org/tsparticles-shape-text/-/tsparticles-shape-text-2.2.4.tgz",
      "integrity": "sha512-jvndhUDvuyMqf6GEm9ijpD9Ymbow15JxbX+xJ2Vap2ztpWKbfAsVr7B4wDZaGIDAIo0aOJsvaCAL5nrL2r3NBA==",
      "requires": {
        "tsparticles-engine": "^2.2.4"
      }
    },
    "tsparticles-slim": {
      "version": "2.2.4",
      "resolved": "https://registry.npmjs.org/tsparticles-slim/-/tsparticles-slim-2.2.4.tgz",
      "integrity": "sha512-ubtDlAMRJowbPriDddcBLqtmGKq3ag34Rfxe3pmbuCiI070rd5y/kKusXyGodyoJFDj52icAeZgDkcLR2/Uydw==",
      "requires": {
        "tsparticles-engine": "^2.2.4",
        "tsparticles-interaction-external-attract": "^2.2.4",
        "tsparticles-interaction-external-bounce": "^2.2.4",
        "tsparticles-interaction-external-bubble": "^2.2.4",
        "tsparticles-interaction-external-connect": "^2.2.4",
        "tsparticles-interaction-external-grab": "^2.2.4",
        "tsparticles-interaction-external-pause": "^2.2.4",
        "tsparticles-interaction-external-push": "^2.2.4",
        "tsparticles-interaction-external-remove": "^2.2.4",
        "tsparticles-interaction-external-repulse": "^2.2.4",
        "tsparticles-interaction-particles-attract": "^2.2.4",
        "tsparticles-interaction-particles-collisions": "^2.2.4",
        "tsparticles-interaction-particles-links": "^2.2.4",
        "tsparticles-move-base": "^2.2.4",
        "tsparticles-move-parallax": "^2.2.4",
        "tsparticles-particles.js": "^2.2.4",
        "tsparticles-shape-circle": "^2.2.4",
        "tsparticles-shape-image": "^2.2.4",
        "tsparticles-shape-line": "^2.2.4",
        "tsparticles-shape-polygon": "^2.2.4",
        "tsparticles-shape-square": "^2.2.4",
        "tsparticles-shape-star": "^2.2.4",
        "tsparticles-shape-text": "^2.2.4",
        "tsparticles-updater-angle": "^2.2.4",
        "tsparticles-updater-color": "^2.2.4",
        "tsparticles-updater-life": "^2.2.4",
        "tsparticles-updater-opacity": "^2.2.4",
        "tsparticles-updater-out-modes": "^2.2.4",
        "tsparticles-updater-size": "^2.2.4",
        "tsparticles-updater-stroke-color": "^2.2.4"
      }
    },
    "tsparticles-updater-angle": {
      "version": "2.2.4",
      "resolved": "https://registry.npmjs.org/tsparticles-updater-angle/-/tsparticles-updater-angle-2.2.4.tgz",
      "integrity": "sha512-1qEObvQUP8A864HHDvlfsfOOIGwQpa/vCpnge+ohdQ1Iu5a2/bClDsgXtYCsZFw85YQl8FdLVIzGQir9zfiv7g==",
      "requires": {
        "tsparticles-engine": "^2.2.4"
      }
    },
    "tsparticles-updater-color": {
      "version": "2.2.4",
      "resolved": "https://registry.npmjs.org/tsparticles-updater-color/-/tsparticles-updater-color-2.2.4.tgz",
      "integrity": "sha512-8iwiJA0pg96M/AaZDyWzhsm+sey6u1JA/UigV4krp0ihZ/5noZGzTrg6Fm+ki/yLKDv2ovOMfxTHfUa0qutlLQ==",
      "requires": {
        "tsparticles-engine": "^2.2.4"
      }
    },
    "tsparticles-updater-life": {
      "version": "2.2.4",
      "resolved": "https://registry.npmjs.org/tsparticles-updater-life/-/tsparticles-updater-life-2.2.4.tgz",
      "integrity": "sha512-5wlVkoBwzRkNOe38WZftnjYm5dm99XW2Sq0MfsPrLyKMxxD0TeZDTdZW1TNrJpk7fwSNA8vGcbbWai0GF58frg==",
      "requires": {
        "tsparticles-engine": "^2.2.4"
      }
    },
    "tsparticles-updater-opacity": {
      "version": "2.2.4",
      "resolved": "https://registry.npmjs.org/tsparticles-updater-opacity/-/tsparticles-updater-opacity-2.2.4.tgz",
      "integrity": "sha512-klpMCY+y85oXjUatVd7LEROEC2brVTgRULJoN8yphWchmWs/LPLfBPwSz6rA6NGerYZAcbEsHT1uMn76zvxIQQ==",
      "requires": {
        "tsparticles-engine": "^2.2.4"
      }
    },
    "tsparticles-updater-out-modes": {
      "version": "2.2.4",
      "resolved": "https://registry.npmjs.org/tsparticles-updater-out-modes/-/tsparticles-updater-out-modes-2.2.4.tgz",
      "integrity": "sha512-bZheTxw01eSpsc+ipj+e14dgR9znsQjR9FtP7MIT7yFevqu8bqdHteO7dArRlPAZvf7gqpD706/uEdGLXSGN8Q==",
      "requires": {
        "tsparticles-engine": "^2.2.4"
      }
    },
    "tsparticles-updater-roll": {
      "version": "2.2.4",
      "resolved": "https://registry.npmjs.org/tsparticles-updater-roll/-/tsparticles-updater-roll-2.2.4.tgz",
      "integrity": "sha512-klbOxUSCBdIzfwAt8jsLN1XP52e2UuMj5BQ7bMZ/fGzpHjVv85ebYPd2g7hiKOwCZ5lUrCaKNxDS1b9+TPOLzg==",
      "requires": {
        "tsparticles-engine": "^2.2.4"
      }
    },
    "tsparticles-updater-size": {
      "version": "2.2.4",
      "resolved": "https://registry.npmjs.org/tsparticles-updater-size/-/tsparticles-updater-size-2.2.4.tgz",
      "integrity": "sha512-J0rq+Sh3+uvgkx4a5QRouPHbhOZLH4sElnPgg8fzd43/Tc8cg0Xp9BV1wDxDWY4TB5mgwwe21JJqmYzV/6hvYw==",
      "requires": {
        "tsparticles-engine": "^2.2.4"
      }
    },
    "tsparticles-updater-stroke-color": {
      "version": "2.2.4",
      "resolved": "https://registry.npmjs.org/tsparticles-updater-stroke-color/-/tsparticles-updater-stroke-color-2.2.4.tgz",
      "integrity": "sha512-gsVoWDnmgoc0qsH2heDz6KzXe/KNJtU0mnN7S8St5o7xgGfGkd/wyTqgS4y4VYoi5pX99HwCQvd8aQ88b3VJHg==",
      "requires": {
        "tsparticles-engine": "^2.2.4"
      }
    },
    "tsparticles-updater-tilt": {
      "version": "2.2.4",
      "resolved": "https://registry.npmjs.org/tsparticles-updater-tilt/-/tsparticles-updater-tilt-2.2.4.tgz",
      "integrity": "sha512-cSfm9VyhK+SFxepGkODBB5QQi0ZCusGbU6LNNQLEEd5Ra6q42xA+gptLhzjJUhSwfjwEFILOuqQX6yYoGhC6Tw==",
      "requires": {
        "tsparticles-engine": "^2.2.4"
      }
    },
    "tsparticles-updater-twinkle": {
      "version": "2.2.4",
      "resolved": "https://registry.npmjs.org/tsparticles-updater-twinkle/-/tsparticles-updater-twinkle-2.2.4.tgz",
      "integrity": "sha512-5OgGlaNaXmGJJyCr1b2zlmylVEaorsDJr+16rUytkIId/qwvuoL3zakyPFIjnhjpyQ8u2VTITkcwPX1EfafJhw==",
      "requires": {
        "tsparticles-engine": "^2.2.4"
      }
    },
    "tsparticles-updater-wobble": {
      "version": "2.2.4",
      "resolved": "https://registry.npmjs.org/tsparticles-updater-wobble/-/tsparticles-updater-wobble-2.2.4.tgz",
      "integrity": "sha512-7zmFNT4Qdix3GKQ7Mtj70X6/SmFwBykKUG0FGcQxWOh5h5ALtYlzEZIKeoG9LrO1nll5f0H74tUFemUiy5YvIQ==",
      "requires": {
        "tsparticles-engine": "^2.2.4"
      }
    }
  }
}
